// !$*UTF8*$!
{
	archiveVersion = 1;
	classes = {
	};
	objectVersion = 46;
	objects = {

/* Begin PBXBuildFile section */
		200875F21E651AD6003D9DEF /* AppDelegate.swift in Sources */ = {isa = PBXBuildFile; fileRef = 200875F11E651AD6003D9DEF /* AppDelegate.swift */; };
		200875F41E651AD6003D9DEF /* ViewController.swift in Sources */ = {isa = PBXBuildFile; fileRef = 200875F31E651AD6003D9DEF /* ViewController.swift */; };
		200875F71E651AD6003D9DEF /* Main.storyboard in Resources */ = {isa = PBXBuildFile; fileRef = 200875F51E651AD6003D9DEF /* Main.storyboard */; };
		200875FA1E651AD6003D9DEF /* Pokedex.xcdatamodeld in Sources */ = {isa = PBXBuildFile; fileRef = 200875F81E651AD6003D9DEF /* Pokedex.xcdatamodeld */; };
		200875FC1E651AD6003D9DEF /* Assets.xcassets in Resources */ = {isa = PBXBuildFile; fileRef = 200875FB1E651AD6003D9DEF /* Assets.xcassets */; };
		200875FF1E651AD7003D9DEF /* LaunchScreen.storyboard in Resources */ = {isa = PBXBuildFile; fileRef = 200875FD1E651AD7003D9DEF /* LaunchScreen.storyboard */; };
/* End PBXBuildFile section */

/* Begin PBXFileReference section */
		200875EE1E651AD6003D9DEF /* Pokedex.app */ = {isa = PBXFileReference; explicitFileType = wrapper.application; includeInIndex = 0; path = Pokedex.app; sourceTree = BUILT_PRODUCTS_DIR; };
		200875F11E651AD6003D9DEF /* AppDelegate.swift */ = {isa = PBXFileReference; lastKnownFileType = sourcecode.swift; path = AppDelegate.swift; sourceTree = "<group>"; };
		200875F31E651AD6003D9DEF /* ViewController.swift */ = {isa = PBXFileReference; lastKnownFileType = sourcecode.swift; path = ViewController.swift; sourceTree = "<group>"; };
		200875F61E651AD6003D9DEF /* Base */ = {isa = PBXFileReference; lastKnownFileType = file.storyboard; name = Base; path = Base.lproj/Main.storyboard; sourceTree = "<group>"; };
		200875F91E651AD6003D9DEF /* Pokedex.xcdatamodel */ = {isa = PBXFileReference; lastKnownFileType = wrapper.xcdatamodel; path = Pokedex.xcdatamodel; sourceTree = "<group>"; };
		200875FB1E651AD6003D9DEF /* Assets.xcassets */ = {isa = PBXFileReference; lastKnownFileType = folder.assetcatalog; path = Assets.xcassets; sourceTree = "<group>"; };
		200875FE1E651AD7003D9DEF /* Base */ = {isa = PBXFileReference; lastKnownFileType = file.storyboard; name = Base; path = Base.lproj/LaunchScreen.storyboard; sourceTree = "<group>"; };
		200876001E651AD7003D9DEF /* Info.plist */ = {isa = PBXFileReference; lastKnownFileType = text.plist.xml; path = Info.plist; sourceTree = "<group>"; };
/* End PBXFileReference section */

/* Begin PBXFrameworksBuildPhase section */
		200875EB1E651AD5003D9DEF /* Frameworks */ = {
			isa = PBXFrameworksBuildPhase;
			buildActionMask = 2147483647;
			files = (
			);
			runOnlyForDeploymentPostprocessing = 0;
		};
/* End PBXFrameworksBuildPhase section */

/* Begin PBXGroup section */
		200875E51E651AD5003D9DEF = {
			isa = PBXGroup;
			children = (
				200875F01E651AD6003D9DEF /* Pokedex */,
				200875EF1E651AD6003D9DEF /* Products */,
			);
			sourceTree = "<group>";
		};
		200875EF1E651AD6003D9DEF /* Products */ = {
			isa = PBXGroup;
			children = (
				200875EE1E651AD6003D9DEF /* Pokedex.app */,
			);
			name = Products;
			sourceTree = "<group>";
		};
		200875F01E651AD6003D9DEF /* Pokedex */ = {
			isa = PBXGroup;
			children = (
				200875F11E651AD6003D9DEF /* AppDelegate.swift */,
				200875F31E651AD6003D9DEF /* ViewController.swift */,
				200875F51E651AD6003D9DEF /* Main.storyboard */,
				200875FB1E651AD6003D9DEF /* Assets.xcassets */,
				200875FD1E651AD7003D9DEF /* LaunchScreen.storyboard */,
				200876001E651AD7003D9DEF /* Info.plist */,
				200875F81E651AD6003D9DEF /* Pokedex.xcdatamodeld */,
			);
			path = Pokedex;
			sourceTree = "<group>";
		};
/* End PBXGroup section */

/* Begin PBXNativeTarget section */
		200875ED1E651AD5003D9DEF /* Pokedex */ = {
			isa = PBXNativeTarget;
			buildConfigurationList = 200876031E651AD7003D9DEF /* Build configuration list for PBXNativeTarget "Pokedex" */;
			buildPhases = (
				200875EA1E651AD5003D9DEF /* Sources */,
				200875EB1E651AD5003D9DEF /* Frameworks */,
				200875EC1E651AD5003D9DEF /* Resources */,
			);
			buildRules = (
			);
			dependencies = (
			);
			name = Pokedex;
			productName = Pokedex;
			productReference = 200875EE1E651AD6003D9DEF /* Pokedex.app */;
			productType = "com.apple.product-type.application";
		};
/* End PBXNativeTarget section */

/* Begin PBXProject section */
		200875E61E651AD5003D9DEF /* Project object */ = {
			isa = PBXProject;
			attributes = {
				LastSwiftUpdateCheck = 0820;
				LastUpgradeCheck = 0820;
				ORGANIZATIONNAME = Evan;
				TargetAttributes = {
					200875ED1E651AD5003D9DEF = {
						CreatedOnToolsVersion = 8.2;
						DevelopmentTeam = 94BQ9T6DER;
						ProvisioningStyle = Automatic;
					};
				};
			};
			buildConfigurationList = 200875E91E651AD5003D9DEF /* Build configuration list for PBXProject "Pokedex" */;
			compatibilityVersion = "Xcode 3.2";
			developmentRegion = English;
			hasScannedForEncodings = 0;
			knownRegions = (
				en,
				Base,
			);
			mainGroup = 200875E51E651AD5003D9DEF;
			productRefGroup = 200875EF1E651AD6003D9DEF /* Products */;
			projectDirPath = "";
			projectRoot = "";
			targets = (
				200875ED1E651AD5003D9DEF /* Pokedex */,
			);
		};
/* End PBXProject section */

/* Begin PBXResourcesBuildPhase section */
		200875EC1E651AD5003D9DEF /* Resources */ = {
			isa = PBXResourcesBuildPhase;
			buildActionMask = 2147483647;
			files = (
				200875FF1E651AD7003D9DEF /* LaunchScreen.storyboard in Resources */,
				200875FC1E651AD6003D9DEF /* Assets.xcassets in Resources */,
				200875F71E651AD6003D9DEF /* Main.storyboard in Resources */,
			);
			runOnlyForDeploymentPostprocessing = 0;
		};
/* End PBXResourcesBuildPhase section */

/* Begin PBXSourcesBuildPhase section */
		200875EA1E651AD5003D9DEF /* Sources */ = {
			isa = PBXSourcesBuildPhase;
			buildActionMask = 2147483647;
			files = (
				200875F41E651AD6003D9DEF /* ViewController.swift in Sources */,
				200875FA1E651AD6003D9DEF /* Pokedex.xcdatamodeld in Sources */,
				200875F21E651AD6003D9DEF /* AppDelegate.swift in Sources */,
			);
			runOnlyForDeploymentPostprocessing = 0;
		};
/* End PBXSourcesBuildPhase section */

/* Begin PBXVariantGroup section */
		200875F51E651AD6003D9DEF /* Main.storyboard */ = {
			isa = PBXVariantGroup;
			children = (
				200875F61E651AD6003D9DEF /* Base */,
			);
			name = Main.storyboard;
			sourceTree = "<group>";
		};
		200875FD1E651AD7003D9DEF /* LaunchScreen.storyboard */ = {
			isa = PBXVariantGroup;
			children = (
				200875FE1E651AD7003D9DEF /* Base */,
			);
			name = LaunchScreen.storyboard;
			sourceTree = "<group>";
		};
/* End PBXVariantGroup section */

/* Begin XCBuildConfiguration section */
		200876011E651AD7003D9DEF /* Debug */ = {
			isa = XCBuildConfiguration;
			buildSettings = {
				ALWAYS_SEARCH_USER_PATHS = NO;
				CLANG_ANALYZER_NONNULL = YES;
				CLANG_CXX_LANGUAGE_STANDARD = "gnu++0x";
				CLANG_CXX_LIBRARY = "libc++";
				CLANG_ENABLE_MODULES = YES;
				CLANG_ENABLE_OBJC_ARC = YES;
				CLANG_WARN_BOOL_CONVERSION = YES;
				CLANG_WARN_CONSTANT_CONVERSION = YES;
				CLANG_WARN_DIRECT_OBJC_ISA_USAGE = YES_ERROR;
				CLANG_WARN_DOCUMENTATION_COMMENTS = YES;
				CLANG_WARN_EMPTY_BODY = YES;
				CLANG_WARN_ENUM_CONVERSION = YES;
				CLANG_WARN_INFINITE_RECURSION = YES;
				CLANG_WARN_INT_CONVERSION = YES;
				CLANG_WARN_OBJC_ROOT_CLASS = YES_ERROR;
				CLANG_WARN_SUSPICIOUS_MOVE = YES;
				CLANG_WARN_UNREACHABLE_CODE = YES;
				CLANG_WARN__DUPLICATE_METHOD_MATCH = YES;
				"CODE_SIGN_IDENTITY[sdk=iphoneos*]" = "iPhone Developer";
				COPY_PHASE_STRIP = NO;
				DEBUG_INFORMATION_FORMAT = dwarf;
				ENABLE_STRICT_OBJC_MSGSEND = YES;
				ENABLE_TESTABILITY = YES;
				GCC_C_LANGUAGE_STANDARD = gnu99;
				GCC_DYNAMIC_NO_PIC = NO;
				GCC_NO_COMMON_BLOCKS = YES;
				GCC_OPTIMIZATION_LEVEL = 0;
				GCC_PREPROCESSOR_DEFINITIONS = (
					"DEBUG=1",
					"$(inherited)",
				);
				GCC_WARN_64_TO_32_BIT_CONVERSION = YES;
				GCC_WARN_ABOUT_RETURN_TYPE = YES_ERROR;
				GCC_WARN_UNDECLARED_SELECTOR = YES;
				GCC_WARN_UNINITIALIZED_AUTOS = YES_AGGRESSIVE;
				GCC_WARN_UNUSED_FUNCTION = YES;
				GCC_WARN_UNUSED_VARIABLE = YES;
				IPHONEOS_DEPLOYMENT_TARGET = 10.2;
				MTL_ENABLE_DEBUG_INFO = YES;
				ONLY_ACTIVE_ARCH = YES;
				SDKROOT = iphoneos;
				SWIFT_ACTIVE_COMPILATION_CONDITIONS = DEBUG;
				SWIFT_OPTIMIZATION_LEVEL = "-Onone";
				TARGETED_DEVICE_FAMILY = "1,2";
			};
			name = Debug;
		};
		200876021E651AD7003D9DEF /* Release */ = {
			isa = XCBuildConfiguration;
			buildSettings = {
				ALWAYS_SEARCH_USER_PATHS = NO;
				CLANG_ANALYZER_NONNULL = YES;
				CLANG_CXX_LANGUAGE_STANDARD = "gnu++0x";
				CLANG_CXX_LIBRARY = "libc++";
				CLANG_ENABLE_MODULES = YES;
				CLANG_ENABLE_OBJC_ARC = YES;
				CLANG_WARN_BOOL_CONVERSION = YES;
				CLANG_WARN_CONSTANT_CONVERSION = YES;
				CLANG_WARN_DIRECT_OBJC_ISA_USAGE = YES_ERROR;
				CLANG_WARN_DOCUMENTATION_COMMENTS = YES;
				CLANG_WARN_EMPTY_BODY = YES;
				CLANG_WARN_ENUM_CONVERSION = YES;
				CLANG_WARN_INFINITE_RECURSION = YES;
				CLANG_WARN_INT_CONVERSION = YES;
				CLANG_WARN_OBJC_ROOT_CLASS = YES_ERROR;
				CLANG_WARN_SUSPICIOUS_MOVE = YES;
				CLANG_WARN_UNREACHABLE_CODE = YES;
				CLANG_WARN__DUPLICATE_METHOD_MATCH = YES;
				"CODE_SIGN_IDENTITY[sdk=iphoneos*]" = "iPhone Developer";
				COPY_PHASE_STRIP = NO;
				DEBUG_INFORMATION_FORMAT = "dwarf-with-dsym";
				ENABLE_NS_ASSERTIONS = NO;
				ENABLE_STRICT_OBJC_MSGSEND = YES;
				GCC_C_LANGUAGE_STANDARD = gnu99;
				GCC_NO_COMMON_BLOCKS = YES;
				GCC_WARN_64_TO_32_BIT_CONVERSION = YES;
				GCC_WARN_ABOUT_RETURN_TYPE = YES_ERROR;
				GCC_WARN_UNDECLARED_SELECTOR = YES;
				GCC_WARN_UNINITIALIZED_AUTOS = YES_AGGRESSIVE;
				GCC_WARN_UNUSED_FUNCTION = YES;
				GCC_WARN_UNUSED_VARIABLE = YES;
				IPHONEOS_DEPLOYMENT_TARGET = 10.2;
				MTL_ENABLE_DEBUG_INFO = NO;
				SDKROOT = iphoneos;
				SWIFT_OPTIMIZATION_LEVEL = "-Owholemodule";
				TARGETED_DEVICE_FAMILY = "1,2";
				VALIDATE_PRODUCT = YES;
			};
			name = Release;
		};
		200876041E651AD7003D9DEF /* Debug */ = {
			isa = XCBuildConfiguration;
			buildSettings = {
				ASSETCATALOG_COMPILER_APPICON_NAME = AppIcon;
				DEVELOPMENT_TEAM = 94BQ9T6DER;
				INFOPLIST_FILE = Pokedex/Info.plist;
				LD_RUNPATH_SEARCH_PATHS = "$(inherited) @executable_path/Frameworks";
				PRODUCT_BUNDLE_IDENTIFIER = com.evanlaird.Pokedex;
				PRODUCT_NAME = "$(TARGET_NAME)";
				SWIFT_VERSION = 3.0;
			};
			name = Debug;
		};
		200876051E651AD7003D9DEF /* Release */ = {
			isa = XCBuildConfiguration;
			buildSettings = {
				ASSETCATALOG_COMPILER_APPICON_NAME = AppIcon;
				DEVELOPMENT_TEAM = 94BQ9T6DER;
				INFOPLIST_FILE = Pokedex/Info.plist;
				LD_RUNPATH_SEARCH_PATHS = "$(inherited) @executable_path/Frameworks";
				PRODUCT_BUNDLE_IDENTIFIER = com.evanlaird.Pokedex;
				PRODUCT_NAME = "$(TARGET_NAME)";
				SWIFT_VERSION = 3.0;
			};
			name = Release;
		};
/* End XCBuildConfiguration section */

/* Begin XCConfigurationList section */
		200875E91E651AD5003D9DEF /* Build configuration list for PBXProject "Pokedex" */ = {
			isa = XCConfigurationList;
			buildConfigurations = (
				200876011E651AD7003D9DEF /* Debug */,
				200876021E651AD7003D9DEF /* Release */,
			);
			defaultConfigurationIsVisible = 0;
			defaultConfigurationName = Release;
		};
		200876031E651AD7003D9DEF /* Build configuration list for PBXNativeTarget "Pokedex" */ = {
			isa = XCConfigurationList;
			buildConfigurations = (
				200876041E651AD7003D9DEF /* Debug */,
				200876051E651AD7003D9DEF /* Release */,
			);
			defaultConfigurationIsVisible = 0;
		};
/* End XCConfigurationList section */

/* Begin XCVersionGroup section */
		200875F81E651AD6003D9DEF /* Pokedex.xcdatamodeld */ = {
			isa = XCVersionGroup;
			children = (
				200875F91E651AD6003D9DEF /* Pokedex.xcdatamodel */,
			);
			currentVersion = 200875F91E651AD6003D9DEF /* Pokedex.xcdatamodel */;
			path = Pokedex.xcdatamodeld;
			sourceTree = "<group>";
			versionGroupType = wrapper.xcdatamodel;
		};
/* End XCVersionGroup section */
	};
	rootObject = 200875E61E651AD5003D9DEF /* Project object */;
}
